// !$*UTF8*$!
{
	archiveVersion = 1;
	classes = {
	};
	objectVersion = 46;
	objects = {

/* Begin PBXBuildFile section */
		028F6E131F1EFF0600CE33B0 /* GraphViewController.swift in Sources */ = {isa = PBXBuildFile; fileRef = 028F6E101F1EFF0600CE33B0 /* GraphViewController.swift */; };
		028F6E141F1EFF0600CE33B0 /* GraphView.swift in Sources */ = {isa = PBXBuildFile; fileRef = 028F6E111F1EFF0600CE33B0 /* GraphView.swift */; };
		028F6E151F1EFF0600CE33B0 /* AxesDrawer.swift in Sources */ = {isa = PBXBuildFile; fileRef = 028F6E121F1EFF0600CE33B0 /* AxesDrawer.swift */; };
		02CCC9791F00911600A7B500 /* AppDelegate.swift in Sources */ = {isa = PBXBuildFile; fileRef = 02CCC9781F00911600A7B500 /* AppDelegate.swift */; };
		02CCC97B1F00911600A7B500 /* CalculatorViewController.swift in Sources */ = {isa = PBXBuildFile; fileRef = 02CCC97A1F00911600A7B500 /* CalculatorViewController.swift */; };
		02CCC97E1F00911600A7B500 /* Main.storyboard in Resources */ = {isa = PBXBuildFile; fileRef = 02CCC97C1F00911600A7B500 /* Main.storyboard */; };
		02CCC9801F00911700A7B500 /* Assets.xcassets in Resources */ = {isa = PBXBuildFile; fileRef = 02CCC97F1F00911600A7B500 /* Assets.xcassets */; };
		02CCC9831F00911700A7B500 /* LaunchScreen.storyboard in Resources */ = {isa = PBXBuildFile; fileRef = 02CCC9811F00911700A7B500 /* LaunchScreen.storyboard */; };
		02CCC98B1F0184A800A7B500 /* CalculatorBrain.swift in Sources */ = {isa = PBXBuildFile; fileRef = 02CCC98A1F0184A800A7B500 /* CalculatorBrain.swift */; };
/* End PBXBuildFile section */

/* Begin PBXFileReference section */
		028F6E101F1EFF0600CE33B0 /* GraphViewController.swift */ = {isa = PBXFileReference; fileEncoding = 4; lastKnownFileType = sourcecode.swift; path = GraphViewController.swift; sourceTree = "<group>"; };
		028F6E111F1EFF0600CE33B0 /* GraphView.swift */ = {isa = PBXFileReference; fileEncoding = 4; lastKnownFileType = sourcecode.swift; path = GraphView.swift; sourceTree = "<group>"; };
		028F6E121F1EFF0600CE33B0 /* AxesDrawer.swift */ = {isa = PBXFileReference; fileEncoding = 4; lastKnownFileType = sourcecode.swift; path = AxesDrawer.swift; sourceTree = "<group>"; };
		02CCC9751F00911600A7B500 /* calc.app */ = {isa = PBXFileReference; explicitFileType = wrapper.application; includeInIndex = 0; path = calc.app; sourceTree = BUILT_PRODUCTS_DIR; };
		02CCC9781F00911600A7B500 /* AppDelegate.swift */ = {isa = PBXFileReference; lastKnownFileType = sourcecode.swift; path = AppDelegate.swift; sourceTree = "<group>"; };
		02CCC97A1F00911600A7B500 /* CalculatorViewController.swift */ = {isa = PBXFileReference; lastKnownFileType = sourcecode.swift; path = CalculatorViewController.swift; sourceTree = "<group>"; };
		02CCC97D1F00911600A7B500 /* Base */ = {isa = PBXFileReference; lastKnownFileType = file.storyboard; name = Base; path = Base.lproj/Main.storyboard; sourceTree = "<group>"; };
		02CCC97F1F00911600A7B500 /* Assets.xcassets */ = {isa = PBXFileReference; lastKnownFileType = folder.assetcatalog; path = Assets.xcassets; sourceTree = "<group>"; };
		02CCC9821F00911700A7B500 /* Base */ = {isa = PBXFileReference; lastKnownFileType = file.storyboard; name = Base; path = Base.lproj/LaunchScreen.storyboard; sourceTree = "<group>"; };
		02CCC9841F00911700A7B500 /* Info.plist */ = {isa = PBXFileReference; lastKnownFileType = text.plist.xml; path = Info.plist; sourceTree = "<group>"; };
		02CCC98A1F0184A800A7B500 /* CalculatorBrain.swift */ = {isa = PBXFileReference; fileEncoding = 4; lastKnownFileType = sourcecode.swift; name = CalculatorBrain.swift; path = ../CalculatorBrain.swift; sourceTree = "<group>"; };
/* End PBXFileReference section */

/* Begin PBXFrameworksBuildPhase section */
		02CCC9721F00911600A7B500 /* Frameworks */ = {
			isa = PBXFrameworksBuildPhase;
			buildActionMask = 2147483647;
			files = (
			);
			runOnlyForDeploymentPostprocessing = 0;
		};
/* End PBXFrameworksBuildPhase section */

/* Begin PBXGroup section */
		022E790F1F182AED0015454F /* Supporting Files */ = {
			isa = PBXGroup;
			children = (
				02CCC9781F00911600A7B500 /* AppDelegate.swift */,
				02CCC97F1F00911600A7B500 /* Assets.xcassets */,
				02CCC9811F00911700A7B500 /* LaunchScreen.storyboard */,
				02CCC9841F00911700A7B500 /* Info.plist */,
			);
			name = "Supporting Files";
			sourceTree = "<group>";
		};
		02CCC96C1F00911600A7B500 = {
			isa = PBXGroup;
			children = (
				02CCC9771F00911600A7B500 /* calc */,
				02CCC9761F00911600A7B500 /* Products */,
			);
			sourceTree = "<group>";
		};
		02CCC9761F00911600A7B500 /* Products */ = {
			isa = PBXGroup;
			children = (
				02CCC9751F00911600A7B500 /* calc.app */,
			);
			name = Products;
			sourceTree = "<group>";
		};
		02CCC9771F00911600A7B500 /* calc */ = {
			isa = PBXGroup;
			children = (
				028F6E101F1EFF0600CE33B0 /* GraphViewController.swift */,
				028F6E111F1EFF0600CE33B0 /* GraphView.swift */,
				028F6E121F1EFF0600CE33B0 /* AxesDrawer.swift */,
				02CCC98A1F0184A800A7B500 /* CalculatorBrain.swift */,
				02CCC97A1F00911600A7B500 /* CalculatorViewController.swift */,
				02CCC97C1F00911600A7B500 /* Main.storyboard */,
				022E790F1F182AED0015454F /* Supporting Files */,
			);
			path = calc;
			sourceTree = "<group>";
		};
/* End PBXGroup section */

/* Begin PBXNativeTarget section */
		02CCC9741F00911600A7B500 /* calc */ = {
			isa = PBXNativeTarget;
			buildConfigurationList = 02CCC9871F00911700A7B500 /* Build configuration list for PBXNativeTarget "calc" */;
			buildPhases = (
				02CCC9711F00911600A7B500 /* Sources */,
				02CCC9721F00911600A7B500 /* Frameworks */,
				02CCC9731F00911600A7B500 /* Resources */,
				028F6E511F24199000CE33B0 /* ShellScript */,
			);
			buildRules = (
			);
			dependencies = (
			);
			name = calc;
			productName = calc;
			productReference = 02CCC9751F00911600A7B500 /* calc.app */;
			productType = "com.apple.product-type.application";
		};
/* End PBXNativeTarget section */

/* Begin PBXProject section */
		02CCC96D1F00911600A7B500 /* Project object */ = {
			isa = PBXProject;
			attributes = {
				LastSwiftUpdateCheck = 0810;
				LastUpgradeCheck = 0830;
				ORGANIZATIONNAME = "Harry Putterman";
				TargetAttributes = {
					02CCC9741F00911600A7B500 = {
						CreatedOnToolsVersion = 8.1;
						DevelopmentTeam = WJBB8G6VMY;
						ProvisioningStyle = Automatic;
					};
				};
			};
			buildConfigurationList = 02CCC9701F00911600A7B500 /* Build configuration list for PBXProject "calc" */;
			compatibilityVersion = "Xcode 3.2";
			developmentRegion = English;
			hasScannedForEncodings = 0;
			knownRegions = (
				en,
				Base,
			);
			mainGroup = 02CCC96C1F00911600A7B500;
			productRefGroup = 02CCC9761F00911600A7B500 /* Products */;
			projectDirPath = "";
			projectRoot = "";
			targets = (
				02CCC9741F00911600A7B500 /* calc */,
			);
		};
/* End PBXProject section */

/* Begin PBXResourcesBuildPhase section */
		02CCC9731F00911600A7B500 /* Resources */ = {
			isa = PBXResourcesBuildPhase;
			buildActionMask = 2147483647;
			files = (
				02CCC9831F00911700A7B500 /* LaunchScreen.storyboard in Resources */,
				02CCC9801F00911700A7B500 /* Assets.xcassets in Resources */,
				02CCC97E1F00911600A7B500 /* Main.storyboard in Resources */,
			);
			runOnlyForDeploymentPostprocessing = 0;
		};
/* End PBXResourcesBuildPhase section */

/* Begin PBXShellScriptBuildPhase section */
		028F6E511F24199000CE33B0 /* ShellScript */ = {
			isa = PBXShellScriptBuildPhase;
			buildActionMask = 2147483647;
			files = (
			);
			inputPaths = (
			);
			outputPaths = (
			);
			runOnlyForDeploymentPostprocessing = 0;
			shellPath = /bin/sh;
			shellScript = "";
		};
/* End PBXShellScriptBuildPhase section */

/* Begin PBXSourcesBuildPhase section */
		02CCC9711F00911600A7B500 /* Sources */ = {
			isa = PBXSourcesBuildPhase;
			buildActionMask = 2147483647;
			files = (
				028F6E141F1EFF0600CE33B0 /* GraphView.swift in Sources */,
				02CCC98B1F0184A800A7B500 /* CalculatorBrain.swift in Sources */,
				028F6E131F1EFF0600CE33B0 /* GraphViewController.swift in Sources */,
				02CCC97B1F00911600A7B500 /* CalculatorViewController.swift in Sources */,
				02CCC9791F00911600A7B500 /* AppDelegate.swift in Sources */,
				028F6E151F1EFF0600CE33B0 /* AxesDrawer.swift in Sources */,
			);
			runOnlyForDeploymentPostprocessing = 0;
		};
/* End PBXSourcesBuildPhase section */

/* Begin PBXVariantGroup section */
		02CCC97C1F00911600A7B500 /* Main.storyboard */ = {
			isa = PBXVariantGroup;
			children = (
				02CCC97D1F00911600A7B500 /* Base */,
			);
			name = Main.storyboard;
			sourceTree = "<group>";
		};
		02CCC9811F00911700A7B500 /* LaunchScreen.storyboard */ = {
			isa = PBXVariantGroup;
			children = (
				02CCC9821F00911700A7B500 /* Base */,
			);
			name = LaunchScreen.storyboard;
			sourceTree = "<group>";
		};
/* End PBXVariantGroup section */

/* Begin XCBuildConfiguration section */
		02CCC9851F00911700A7B500 /* Debug */ = {
			isa = XCBuildConfiguration;
			buildSettings = {
				ALWAYS_SEARCH_USER_PATHS = NO;
				CLANG_ANALYZER_NONNULL = YES;
				CLANG_CXX_LANGUAGE_STANDARD = "gnu++0x";
				CLANG_CXX_LIBRARY = "libc++";
				CLANG_ENABLE_MODULES = YES;
				CLANG_ENABLE_OBJC_ARC = YES;
				CLANG_WARN_BOOL_CONVERSION = YES;
				CLANG_WARN_CONSTANT_CONVERSION = YES;
				CLANG_WARN_DIRECT_OBJC_ISA_USAGE = YES_ERROR;
				CLANG_WARN_DOCUMENTATION_COMMENTS = YES;
				CLANG_WARN_EMPTY_BODY = YES;
				CLANG_WARN_ENUM_CONVERSION = YES;
				CLANG_WARN_INFINITE_RECURSION = YES;
				CLANG_WARN_INT_CONVERSION = YES;
				CLANG_WARN_OBJC_ROOT_CLASS = YES_ERROR;
				CLANG_WARN_SUSPICIOUS_MOVE = YES;
				CLANG_WARN_SUSPICIOUS_MOVES = YES;
				CLANG_WARN_UNREACHABLE_CODE = YES;
				CLANG_WARN__DUPLICATE_METHOD_MATCH = YES;
				"CODE_SIGN_IDENTITY[sdk=iphoneos*]" = "iPhone Developer";
				COPY_PHASE_STRIP = NO;
				DEBUG_INFORMATION_FORMAT = dwarf;
				ENABLE_STRICT_OBJC_MSGSEND = YES;
				ENABLE_TESTABILITY = YES;
				GCC_C_LANGUAGE_STANDARD = gnu99;
				GCC_DYNAMIC_NO_PIC = NO;
				GCC_NO_COMMON_BLOCKS = YES;
				GCC_OPTIMIZATION_LEVEL = 0;
				GCC_PREPROCESSOR_DEFINITIONS = (
					"DEBUG=1",
					"$(inherited)",
				);
				GCC_WARN_64_TO_32_BIT_CONVERSION = YES;
				GCC_WARN_ABOUT_RETURN_TYPE = YES_ERROR;
				GCC_WARN_UNDECLARED_SELECTOR = YES;
				GCC_WARN_UNINITIALIZED_AUTOS = YES_AGGRESSIVE;
				GCC_WARN_UNUSED_FUNCTION = YES;
				GCC_WARN_UNUSED_VARIABLE = YES;
				IPHONEOS_DEPLOYMENT_TARGET = 10.3;
				MTL_ENABLE_DEBUG_INFO = YES;
				ONLY_ACTIVE_ARCH = YES;
				SDKROOT = iphoneos;
				SWIFT_ACTIVE_COMPILATION_CONDITIONS = DEBUG;
				SWIFT_OPTIMIZATION_LEVEL = "-Onone";
				TARGETED_DEVICE_FAMILY = "1,2";
			};
			name = Debug;
		};
		02CCC9861F00911700A7B500 /* Release */ = {
			isa = XCBuildConfiguration;
			buildSettings = {
				ALWAYS_SEARCH_USER_PATHS = NO;
				CLANG_ANALYZER_NONNULL = YES;
				CLANG_CXX_LANGUAGE_STANDARD = "gnu++0x";
				CLANG_CXX_LIBRARY = "libc++";
				CLANG_ENABLE_MODULES = YES;
				CLANG_ENABLE_OBJC_ARC = YES;
				CLANG_WARN_BOOL_CONVERSION = YES;
				CLANG_WARN_CONSTANT_CONVERSION = YES;
				CLANG_WARN_DIRECT_OBJC_ISA_USAGE = YES_ERROR;
				CLANG_WARN_DOCUMENTATION_COMMENTS = YES;
				CLANG_WARN_EMPTY_BODY = YES;
				CLANG_WARN_ENUM_CONVERSION = YES;
				CLANG_WARN_INFINITE_RECURSION = YES;
				CLANG_WARN_INT_CONVERSION = YES;
				CLANG_WARN_OBJC_ROOT_CLASS = YES_ERROR;
				CLANG_WARN_SUSPICIOUS_MOVE = YES;
				CLANG_WARN_SUSPICIOUS_MOVES = YES;
				CLANG_WARN_UNREACHABLE_CODE = YES;
				CLANG_WARN__DUPLICATE_METHOD_MATCH = YES;
				"CODE_SIGN_IDENTITY[sdk=iphoneos*]" = "iPhone Developer";
				COPY_PHASE_STRIP = NO;
				DEBUG_INFORMATION_FORMAT = "dwarf-with-dsym";
				ENABLE_NS_ASSERTIONS = NO;
				ENABLE_STRICT_OBJC_MSGSEND = YES;
				GCC_C_LANGUAGE_STANDARD = gnu99;
				GCC_NO_COMMON_BLOCKS = YES;
				GCC_WARN_64_TO_32_BIT_CONVERSION = YES;
				GCC_WARN_ABOUT_RETURN_TYPE = YES_ERROR;
				GCC_WARN_UNDECLARED_SELECTOR = YES;
				GCC_WARN_UNINITIALIZED_AUTOS = YES_AGGRESSIVE;
				GCC_WARN_UNUSED_FUNCTION = YES;
				GCC_WARN_UNUSED_VARIABLE = YES;
				IPHONEOS_DEPLOYMENT_TARGET = 10.3;
				MTL_ENABLE_DEBUG_INFO = NO;
				SDKROOT = iphoneos;
				SWIFT_OPTIMIZATION_LEVEL = "-Owholemodule";
				TARGETED_DEVICE_FAMILY = "1,2";
				VALIDATE_PRODUCT = YES;
			};
			name = Release;
		};
		02CCC9881F00911700A7B500 /* Debug */ = {
			isa = XCBuildConfiguration;
			buildSettings = {
				ASSETCATALOG_COMPILER_APPICON_NAME = AppIcon;
				DEVELOPMENT_TEAM = WJBB8G6VMY;
				INFOPLIST_FILE = calc/Info.plist;
				IPHONEOS_DEPLOYMENT_TARGET = 10.3;
				LD_RUNPATH_SEARCH_PATHS = "$(inherited) @executable_path/Frameworks";
				PRODUCT_BUNDLE_IDENTIFIER = none.graphingCalculator;
				PRODUCT_NAME = "$(TARGET_NAME)";
				SWIFT_VERSION = 3.0;
			};
			name = Debug;
		};
		02CCC9891F00911700A7B500 /* Release */ = {
			isa = XCBuildConfiguration;
			buildSettings = {
				ASSETCATALOG_COMPILER_APPICON_NAME = AppIcon;
				DEVELOPMENT_TEAM = WJBB8G6VMY;
				INFOPLIST_FILE = calc/Info.plist;
				IPHONEOS_DEPLOYMENT_TARGET = 10.3;
				LD_RUNPATH_SEARCH_PATHS = "$(inherited) @executable_path/Frameworks";
				PRODUCT_BUNDLE_IDENTIFIER = none.graphingCalculator;
				PRODUCT_NAME = "$(TARGET_NAME)";
				SWIFT_VERSION = 3.0;
			};
			name = Release;
		};
/* End XCBuildConfiguration section */

/* Begin XCConfigurationList section */
		02CCC9701F00911600A7B500 /* Build configuration list for PBXProject "calc" */ = {
			isa = XCConfigurationList;
			buildConfigurations = (
				02CCC9851F00911700A7B500 /* Debug */,
				02CCC9861F00911700A7B500 /* Release */,
			);
			defaultConfigurationIsVisible = 0;
			defaultConfigurationName = Release;
		};
		02CCC9871F00911700A7B500 /* Build configuration list for PBXNativeTarget "calc" */ = {
			isa = XCConfigurationList;
			buildConfigurations = (
				02CCC9881F00911700A7B500 /* Debug */,
				02CCC9891F00911700A7B500 /* Release */,
			);
			defaultConfigurationIsVisible = 0;
			defaultConfigurationName = Release;
		};
/* End XCConfigurationList section */
	};
	rootObject = 02CCC96D1F00911600A7B500 /* Project object */;
}
